
Microsoft Visual Studio Solution File, Format Version 12.00
# Visual Studio Version 17
VisualStudioVersion = 17.3.32825.248
MinimumVisualStudioVersion = 10.0.40219.1
Project("{9A19103F-16F7-4668-BE54-9A1E7A4F7556}") = "API", "API\API.csproj", "{B7ED13F6-EC95-40F7-9ACA-FC360D42D2C8}"
EndProject
Project("{9A19103F-16F7-4668-BE54-9A1E7A4F7556}") = "Models", "Models\Models.csproj", "{F984123B-2818-44B6-BC1C-02507087D234}"
EndProject
Project("{9A19103F-16F7-4668-BE54-9A1E7A4F7556}") = "DataAccess", "DataAccess\DataAccess.csproj", "{834CB318-9662-4DF3-B36F-0A30903600C4}"
EndProject
Project("{FAE04EC0-301F-11D3-BF4B-00C04F79EFBC}") = "Utility", "Utility\Utility.csproj", "{8F29517E-5052-4676-8A03-6244C4065712}"
EndProject
Global
	GlobalSection(SolutionConfigurationPlatforms) = preSolution
		Debug|Any CPU = Debug|Any CPU
		Release|Any CPU = Release|Any CPU
	EndGlobalSection
	GlobalSection(ProjectConfigurationPlatforms) = postSolution
		{B7ED13F6-EC95-40F7-9ACA-FC360D42D2C8}.Debug|Any CPU.ActiveCfg = Debug|Any CPU
		{B7ED13F6-EC95-40F7-9ACA-FC360D42D2C8}.Debug|Any CPU.Build.0 = Debug|Any CPU
		{B7ED13F6-EC95-40F7-9ACA-FC360D42D2C8}.Release|Any CPU.ActiveCfg = Release|Any CPU
		{B7ED13F6-EC95-40F7-9ACA-FC360D42D2C8}.Release|Any CPU.Build.0 = Release|Any CPU
		{F984123B-2818-44B6-BC1C-02507087D234}.Debug|Any CPU.ActiveCfg = Debug|Any CPU
		{F984123B-2818-44B6-BC1C-02507087D234}.Debug|Any CPU.Build.0 = Debug|Any CPU
		{F984123B-2818-44B6-BC1C-02507087D234}.Release|Any CPU.ActiveCfg = Release|Any CPU
		{F984123B-2818-44B6-BC1C-02507087D234}.Release|Any CPU.Build.0 = Release|Any CPU
		{834CB318-9662-4DF3-B36F-0A30903600C4}.Debug|Any CPU.ActiveCfg = Debug|Any CPU
		{834CB318-9662-4DF3-B36F-0A30903600C4}.Debug|Any CPU.Build.0 = Debug|Any CPU
		{834CB318-9662-4DF3-B36F-0A30903600C4}.Release|Any CPU.ActiveCfg = Release|Any CPU
		{834CB318-9662-4DF3-B36F-0A30903600C4}.Release|Any CPU.Build.0 = Release|Any CPU
		{8F29517E-5052-4676-8A03-6244C4065712}.Debug|Any CPU.ActiveCfg = Debug|Any CPU
		{8F29517E-5052-4676-8A03-6244C4065712}.Debug|Any CPU.Build.0 = Debug|Any CPU
		{8F29517E-5052-4676-8A03-6244C4065712}.Release|Any CPU.ActiveCfg = Release|Any CPU
		{8F29517E-5052-4676-8A03-6244C4065712}.Release|Any CPU.Build.0 = Release|Any CPU
	EndGlobalSection
	GlobalSection(SolutionProperties) = preSolution
		HideSolutionNode = FALSE
	EndGlobalSection
	GlobalSection(ExtensibilityGlobals) = postSolution
		SolutionGuid = {BB33E180-E0F3-4DBB-BE4A-B51E87D21DCC}
	EndGlobalSection
EndGlobal
